
Microsoft Visual Studio Solution File, Format Version 12.00
# Visual Studio 15
VisualStudioVersion = 15.0.28307.779
MinimumVisualStudioVersion = 10.0.40219.1
Project("{8BC9CEB8-8B4A-11D0-8D11-00A0C91BC942}") = "music", "music\music.vcxproj", "{3787477A-0123-43AD-8152-6605E93E980E}"
EndProject
Global
	GlobalSection(SolutionConfigurationPlatforms) = preSolution
		Debug|x64 = Debug|x64
		Debug|x86 = Debug|x86
		Release|x64 = Release|x64
		Release|x86 = Release|x86
	EndGlobalSection
	GlobalSection(ProjectConfigurationPlatforms) = postSolution
		{3787477A-0123-43AD-8152-6605E93E980E}.Debug|x64.ActiveCfg = Debug|x64
		{3787477A-0123-43AD-8152-6605E93E980E}.Debug|x64.Build.0 = Debug|x64
		{3787477A-0123-43AD-8152-6605E93E980E}.Debug|x86.ActiveCfg = Debug|Win32
		{3787477A-0123-43AD-8152-6605E93E980E}.Debug|x86.Build.0 = Debug|Win32
		{3787477A-0123-43AD-8152-6605E93E980E}.Release|x64.ActiveCfg = Release|x64
		{3787477A-0123-43AD-8152-6605E93E980E}.Release|x64.Build.0 = Release|x64
		{3787477A-0123-43AD-8152-6605E93E980E}.Release|x86.ActiveCfg = Release|Win32
		{3787477A-0123-43AD-8152-6605E93E980E}.Release|x86.Build.0 = Release|Win32
	EndGlobalSection
	GlobalSection(SolutionProperties) = preSolution
		HideSolutionNode = FALSE
	EndGlobalSection
	GlobalSection(ExtensibilityGlobals) = postSolution
		SolutionGuid = {26797960-9400-43C6-B8AE-8C5206170774}
	EndGlobalSection
EndGlobal
